// !$*UTF8*$!
{
	archiveVersion = 1;
	classes = {
	};
	objectVersion = 46;
	objects = {

/* Begin PBXBuildFile section */
		042A9BD315198A6D00916A89 /* DpadButton.mm in Sources */ = {isa = PBXBuildFile; fileRef = 042A9BD215198A6D00916A89 /* DpadButton.mm */; };
		042A9BFC15199CFB00916A89 /* ObjectContainer.mm in Sources */ = {isa = PBXBuildFile; fileRef = 042A9BFB15199CFB00916A89 /* ObjectContainer.mm */; };
		042A9D78151C28B100916A89 /* Player.mm in Sources */ = {isa = PBXBuildFile; fileRef = 042A9D77151C28B100916A89 /* Player.mm */; };
		042A9D7B151C2E4100916A89 /* Sprite.mm in Sources */ = {isa = PBXBuildFile; fileRef = 042A9D7A151C2E4100916A89 /* Sprite.mm */; };
		0458D8F414F09EC800238E13 /* CoreGraphics.framework in Frameworks */ = {isa = PBXBuildFile; fileRef = 0458D8F314F09EC800238E13 /* CoreGraphics.framework */; };
		047B17E5151D8A6100DA4662 /* Prop.m in Sources */ = {isa = PBXBuildFile; fileRef = 047B17E4151D8A6100DA4662 /* Prop.m */; };
		047B19F3151E915A00DA4662 /* megamanSpSheet.png in Resources */ = {isa = PBXBuildFile; fileRef = 047B19F2151E915A00DA4662 /* megamanSpSheet.png */; };
		047B1A67151EA80100DA4662 /* SpriteSheet.m in Sources */ = {isa = PBXBuildFile; fileRef = 047B1A66151EA80100DA4662 /* SpriteSheet.m */; };
		0480038C14F1C9B000440480 /* Program.mm in Sources */ = {isa = PBXBuildFile; fileRef = 0480038B14F1C9B000440480 /* Program.mm */; };
		048004FE14FC749F00440480 /* cabban1.jpg in Resources */ = {isa = PBXBuildFile; fileRef = 048004FC14FC749F00440480 /* cabban1.jpg */; };
		048004FF14FC749F00440480 /* cabban2.jpg in Resources */ = {isa = PBXBuildFile; fileRef = 048004FD14FC749F00440480 /* cabban2.jpg */; };
		04893EB914F17E7400AAB4BC /* Texture.mm in Sources */ = {isa = PBXBuildFile; fileRef = 04893EB814F17E7400AAB4BC /* Texture.mm */; };
		04A88BD31516BDAA001E944F /* dpad.jpg in Resources */ = {isa = PBXBuildFile; fileRef = 04A88BD21516BDAA001E944F /* dpad.jpg */; };
		04B93986150D96200099B10B /* ShaderConstants.mm in Sources */ = {isa = PBXBuildFile; fileRef = 04B93985150D96200099B10B /* ShaderConstants.mm */; };
		1D3623260D0F684500981E51 /* DragonEyeAppDelegate.mm in Sources */ = {isa = PBXBuildFile; fileRef = 1D3623250D0F684500981E51 /* DragonEyeAppDelegate.mm */; };
		1D60589B0D05DD56006BFB54 /* main.m in Sources */ = {isa = PBXBuildFile; fileRef = 29B97316FDCFA39411CA2CEA /* main.m */; };
		1D60589F0D05DD5A006BFB54 /* Foundation.framework in Frameworks */ = {isa = PBXBuildFile; fileRef = 1D30AB110D05D00D00671497 /* Foundation.framework */; };
		1DF5F4E00D08C38300B7A737 /* UIKit.framework in Frameworks */ = {isa = PBXBuildFile; fileRef = 1DF5F4DF0D08C38300B7A737 /* UIKit.framework */; };
		2514C27B10084DCA00A42282 /* Shader.fsh in Resources */ = {isa = PBXBuildFile; fileRef = 2514C27910084DCA00A42282 /* Shader.fsh */; };
		2514C27C10084DCA00A42282 /* Shader.vsh in Resources */ = {isa = PBXBuildFile; fileRef = 2514C27A10084DCA00A42282 /* Shader.vsh */; };
		28AD733F0D9D9553002E5188 /* MainWindow.xib in Resources */ = {isa = PBXBuildFile; fileRef = 28AD733E0D9D9553002E5188 /* MainWindow.xib */; };
		28EC4C5911D54ECE0027AA9F /* GameController.mm in Sources */ = {isa = PBXBuildFile; fileRef = 28EC4C5711D54ECE0027AA9F /* GameController.mm */; };
		28EC4C5A11D54ECE0027AA9F /* GameController.xib in Resources */ = {isa = PBXBuildFile; fileRef = 28EC4C5811D54ECE0027AA9F /* GameController.xib */; };
		28FD14FE0DC6FC130079059D /* EAGLView.m in Sources */ = {isa = PBXBuildFile; fileRef = 28FD14FD0DC6FC130079059D /* EAGLView.m */; };
		28FD15000DC6FC520079059D /* OpenGLES.framework in Frameworks */ = {isa = PBXBuildFile; fileRef = 28FD14FF0DC6FC520079059D /* OpenGLES.framework */; };
		28FD15080DC6FC5B0079059D /* QuartzCore.framework in Frameworks */ = {isa = PBXBuildFile; fileRef = 28FD15070DC6FC5B0079059D /* QuartzCore.framework */; };
/* End PBXBuildFile section */

/* Begin PBXFileReference section */
		042A9BD115198A6D00916A89 /* DpadButton.h */ = {isa = PBXFileReference; fileEncoding = 4; lastKnownFileType = sourcecode.c.h; path = DpadButton.h; sourceTree = "<group>"; };
		042A9BD215198A6D00916A89 /* DpadButton.mm */ = {isa = PBXFileReference; fileEncoding = 4; lastKnownFileType = sourcecode.cpp.objcpp; path = DpadButton.mm; sourceTree = "<group>"; };
		042A9BFA15199CFB00916A89 /* ObjectContainer.h */ = {isa = PBXFileReference; fileEncoding = 4; lastKnownFileType = sourcecode.c.h; name = ObjectContainer.h; path = Classes/ObjectContainer.h; sourceTree = "<group>"; };
		042A9BFB15199CFB00916A89 /* ObjectContainer.mm */ = {isa = PBXFileReference; fileEncoding = 4; lastKnownFileType = sourcecode.cpp.objcpp; path = ObjectContainer.mm; sourceTree = "<group>"; };
		042A9D34151B03BC00916A89 /* PropState.h */ = {isa = PBXFileReference; fileEncoding = 4; lastKnownFileType = sourcecode.c.h; path = PropState.h; sourceTree = "<group>"; };
		042A9D76151C28B100916A89 /* Player.h */ = {isa = PBXFileReference; fileEncoding = 4; lastKnownFileType = sourcecode.c.h; name = Player.h; path = Classes/Player.h; sourceTree = "<group>"; };
		042A9D77151C28B100916A89 /* Player.mm */ = {isa = PBXFileReference; fileEncoding = 4; lastKnownFileType = sourcecode.cpp.objcpp; path = Player.mm; sourceTree = "<group>"; };
		042A9D79151C2E4100916A89 /* Sprite.h */ = {isa = PBXFileReference; fileEncoding = 4; lastKnownFileType = sourcecode.c.h; name = Sprite.h; path = Classes/Sprite.h; sourceTree = "<group>"; };
		042A9D7A151C2E4100916A89 /* Sprite.mm */ = {isa = PBXFileReference; fileEncoding = 4; lastKnownFileType = sourcecode.cpp.objcpp; path = Sprite.mm; sourceTree = "<group>"; };
		0458D8F314F09EC800238E13 /* CoreGraphics.framework */ = {isa = PBXFileReference; lastKnownFileType = wrapper.framework; name = CoreGraphics.framework; path = System/Library/Frameworks/CoreGraphics.framework; sourceTree = SDKROOT; };
		047B17E3151D8A6100DA4662 /* Prop.h */ = {isa = PBXFileReference; fileEncoding = 4; lastKnownFileType = sourcecode.c.h; name = Prop.h; path = Classes/Prop.h; sourceTree = "<group>"; };
		047B17E4151D8A6100DA4662 /* Prop.m */ = {isa = PBXFileReference; fileEncoding = 4; lastKnownFileType = sourcecode.c.objc; path = Prop.m; sourceTree = "<group>"; };
		047B19F2151E915A00DA4662 /* megamanSpSheet.png */ = {isa = PBXFileReference; lastKnownFileType = image.png; path = megamanSpSheet.png; sourceTree = "<group>"; };
		047B1A65151EA80100DA4662 /* SpriteSheet.h */ = {isa = PBXFileReference; fileEncoding = 4; lastKnownFileType = sourcecode.c.h; path = SpriteSheet.h; sourceTree = "<group>"; };
		047B1A66151EA80100DA4662 /* SpriteSheet.m */ = {isa = PBXFileReference; fileEncoding = 4; lastKnownFileType = sourcecode.c.objc; path = SpriteSheet.m; sourceTree = "<group>"; };
		0480038A14F1C9B000440480 /* Program.h */ = {isa = PBXFileReference; fileEncoding = 4; lastKnownFileType = sourcecode.c.h; path = Program.h; sourceTree = "<group>"; };
		0480038B14F1C9B000440480 /* Program.mm */ = {isa = PBXFileReference; fileEncoding = 4; lastKnownFileType = sourcecode.cpp.objcpp; path = Program.mm; sourceTree = "<group>"; };
		048004FC14FC749F00440480 /* cabban1.jpg */ = {isa = PBXFileReference; lastKnownFileType = image.jpeg; path = cabban1.jpg; sourceTree = "<group>"; };
		048004FD14FC749F00440480 /* cabban2.jpg */ = {isa = PBXFileReference; lastKnownFileType = image.jpeg; path = cabban2.jpg; sourceTree = "<group>"; };
		04893EB714F17E7400AAB4BC /* Texture.h */ = {isa = PBXFileReference; fileEncoding = 4; lastKnownFileType = sourcecode.c.h; name = Texture.h; path = Classes/Texture.h; sourceTree = "<group>"; };
		04893EB814F17E7400AAB4BC /* Texture.mm */ = {isa = PBXFileReference; fileEncoding = 4; lastKnownFileType = sourcecode.cpp.objcpp; path = Texture.mm; sourceTree = "<group>"; };
		04A88BD21516BDAA001E944F /* dpad.jpg */ = {isa = PBXFileReference; lastKnownFileType = image.jpeg; path = dpad.jpg; sourceTree = "<group>"; };
		04B938F5150C6BDC0099B10B /* Typedefs.h */ = {isa = PBXFileReference; fileEncoding = 4; lastKnownFileType = sourcecode.c.h; path = Typedefs.h; sourceTree = "<group>"; };
		04B93946150D8A520099B10B /* ShaderConstants.h */ = {isa = PBXFileReference; fileEncoding = 4; lastKnownFileType = sourcecode.c.h; path = ShaderConstants.h; sourceTree = "<group>"; };
		04B93985150D96200099B10B /* ShaderConstants.mm */ = {isa = PBXFileReference; fileEncoding = 4; lastKnownFileType = sourcecode.cpp.objcpp; path = ShaderConstants.mm; sourceTree = "<group>"; };
		1D30AB110D05D00D00671497 /* Foundation.framework */ = {isa = PBXFileReference; lastKnownFileType = wrapper.framework; name = Foundation.framework; path = System/Library/Frameworks/Foundation.framework; sourceTree = SDKROOT; };
		1D3623240D0F684500981E51 /* DragonEyeAppDelegate.h */ = {isa = PBXFileReference; fileEncoding = 4; lastKnownFileType = sourcecode.c.h; path = DragonEyeAppDelegate.h; sourceTree = "<group>"; };
		1D3623250D0F684500981E51 /* DragonEyeAppDelegate.mm */ = {isa = PBXFileReference; fileEncoding = 4; lastKnownFileType = sourcecode.cpp.objcpp; path = DragonEyeAppDelegate.mm; sourceTree = "<group>"; };
		1D6058910D05DD3D006BFB54 /* DragonEye.app */ = {isa = PBXFileReference; explicitFileType = wrapper.application; includeInIndex = 0; path = DragonEye.app; sourceTree = BUILT_PRODUCTS_DIR; };
		1DF5F4DF0D08C38300B7A737 /* UIKit.framework */ = {isa = PBXFileReference; lastKnownFileType = wrapper.framework; name = UIKit.framework; path = System/Library/Frameworks/UIKit.framework; sourceTree = SDKROOT; };
		2514C27910084DCA00A42282 /* Shader.fsh */ = {isa = PBXFileReference; fileEncoding = 4; lastKnownFileType = sourcecode.glsl; name = Shader.fsh; path = Shaders/Shader.fsh; sourceTree = "<group>"; };
		2514C27A10084DCA00A42282 /* Shader.vsh */ = {isa = PBXFileReference; fileEncoding = 4; lastKnownFileType = sourcecode.glsl; name = Shader.vsh; path = Shaders/Shader.vsh; sourceTree = "<group>"; };
		28AD733E0D9D9553002E5188 /* MainWindow.xib */ = {isa = PBXFileReference; lastKnownFileType = file.xib; path = MainWindow.xib; sourceTree = "<group>"; };
		28EC4C5611D54ECE0027AA9F /* GameController.h */ = {isa = PBXFileReference; fileEncoding = 4; lastKnownFileType = sourcecode.c.h; path = GameController.h; sourceTree = "<group>"; };
		28EC4C5711D54ECE0027AA9F /* GameController.mm */ = {isa = PBXFileReference; fileEncoding = 4; lastKnownFileType = sourcecode.cpp.objcpp; path = GameController.mm; sourceTree = "<group>"; };
		28EC4C5811D54ECE0027AA9F /* GameController.xib */ = {isa = PBXFileReference; lastKnownFileType = file.xib; path = GameController.xib; sourceTree = "<group>"; };
		28FD14FC0DC6FC130079059D /* EAGLView.h */ = {isa = PBXFileReference; fileEncoding = 4; lastKnownFileType = sourcecode.c.h; path = EAGLView.h; sourceTree = "<group>"; };
		28FD14FD0DC6FC130079059D /* EAGLView.m */ = {isa = PBXFileReference; fileEncoding = 4; lastKnownFileType = sourcecode.c.objc; path = EAGLView.m; sourceTree = "<group>"; };
		28FD14FF0DC6FC520079059D /* OpenGLES.framework */ = {isa = PBXFileReference; lastKnownFileType = wrapper.framework; name = OpenGLES.framework; path = System/Library/Frameworks/OpenGLES.framework; sourceTree = SDKROOT; };
		28FD15070DC6FC5B0079059D /* QuartzCore.framework */ = {isa = PBXFileReference; lastKnownFileType = wrapper.framework; name = QuartzCore.framework; path = System/Library/Frameworks/QuartzCore.framework; sourceTree = SDKROOT; };
		29B97316FDCFA39411CA2CEA /* main.m */ = {isa = PBXFileReference; fileEncoding = 4; lastKnownFileType = sourcecode.c.objc; path = main.m; sourceTree = "<group>"; };
		30C617A51521887D00959FE0 /* macros.h */ = {isa = PBXFileReference; fileEncoding = 4; lastKnownFileType = sourcecode.c.h; path = macros.h; sourceTree = "<group>"; };
		32CA4F630368D1EE00C91783 /* DragonEye_Prefix.pch */ = {isa = PBXFileReference; fileEncoding = 4; lastKnownFileType = sourcecode.c.h; path = DragonEye_Prefix.pch; sourceTree = "<group>"; };
		8D1107310486CEB800E47090 /* DragonEye-Info.plist */ = {isa = PBXFileReference; fileEncoding = 4; lastKnownFileType = text.plist.xml; path = "DragonEye-Info.plist"; plistStructureDefinitionIdentifier = "com.apple.xcode.plist.structure-definition.iphone.info-plist"; sourceTree = "<group>"; };
/* End PBXFileReference section */

/* Begin PBXFrameworksBuildPhase section */
		1D60588F0D05DD3D006BFB54 /* Frameworks */ = {
			isa = PBXFrameworksBuildPhase;
			buildActionMask = 2147483647;
			files = (
				1D60589F0D05DD5A006BFB54 /* Foundation.framework in Frameworks */,
				1DF5F4E00D08C38300B7A737 /* UIKit.framework in Frameworks */,
				28FD15000DC6FC520079059D /* OpenGLES.framework in Frameworks */,
				28FD15080DC6FC5B0079059D /* QuartzCore.framework in Frameworks */,
				0458D8F414F09EC800238E13 /* CoreGraphics.framework in Frameworks */,
			);
			runOnlyForDeploymentPostprocessing = 0;
		};
/* End PBXFrameworksBuildPhase section */

/* Begin PBXGroup section */
		042A9BD415198A9700916A89 /* Views */ = {
			isa = PBXGroup;
			children = (
				28FD14FC0DC6FC130079059D /* EAGLView.h */,
				28FD14FD0DC6FC130079059D /* EAGLView.m */,
				042A9BD115198A6D00916A89 /* DpadButton.h */,
				042A9BD215198A6D00916A89 /* DpadButton.mm */,
			);
			name = Views;
			sourceTree = "<group>";
		};
		042A9BD515198ABB00916A89 /* Objects */ = {
			isa = PBXGroup;
			children = (
				0480038A14F1C9B000440480 /* Program.h */,
				0480038B14F1C9B000440480 /* Program.mm */,
				042A9BFB15199CFB00916A89 /* ObjectContainer.mm */,
				042A9D77151C28B100916A89 /* Player.mm */,
				042A9D7A151C2E4100916A89 /* Sprite.mm */,
				047B17E4151D8A6100DA4662 /* Prop.m */,
			);
			name = Objects;
			sourceTree = "<group>";
		};
		042A9D33151B038C00916A89 /* Constants */ = {
			isa = PBXGroup;
			children = (
				04B938F5150C6BDC0099B10B /* Typedefs.h */,
				04B93946150D8A520099B10B /* ShaderConstants.h */,
				04B93985150D96200099B10B /* ShaderConstants.mm */,
				042A9D34151B03BC00916A89 /* PropState.h */,
			);
			name = Constants;
			sourceTree = "<group>";
		};
		047B1A64151EA7EA00DA4662 /* Graphics */ = {
			isa = PBXGroup;
			children = (
				04893EB714F17E7400AAB4BC /* Texture.h */,
				04893EB814F17E7400AAB4BC /* Texture.mm */,
				042A9D79151C2E4100916A89 /* Sprite.h */,
				042A9D7A151C2E4100916A89 /* Sprite.mm */,
				047B1A65151EA80100DA4662 /* SpriteSheet.h */,
				047B1A66151EA80100DA4662 /* SpriteSheet.m */,
			);
			name = Graphics;
			sourceTree = "<group>";
		};
		080E96DDFE201D6D7F000001 /* Classes */ = {
			isa = PBXGroup;
			children = (
				30C617A41521885500959FE0 /* Macros */,
				30C617911521872F00959FE0 /* Interfaces */,
				3019F4A015257AB100B05589 /* Controllers */,
				047B1A64151EA7EA00DA4662 /* Graphics */,
				042A9D33151B038C00916A89 /* Constants */,
				042A9BD515198ABB00916A89 /* Objects */,
				042A9BD415198A9700916A89 /* Views */,
				1D3623240D0F684500981E51 /* DragonEyeAppDelegate.h */,
				1D3623250D0F684500981E51 /* DragonEyeAppDelegate.mm */,
			);
			path = Classes;
			sourceTree = "<group>";
		};
		19C28FACFE9D520D11CA2CBB /* Products */ = {
			isa = PBXGroup;
			children = (
				1D6058910D05DD3D006BFB54 /* DragonEye.app */,
			);
			name = Products;
			sourceTree = "<group>";
		};
		2514C27610084DB600A42282 /* Shaders */ = {
			isa = PBXGroup;
			children = (
				2514C27910084DCA00A42282 /* Shader.fsh */,
				2514C27A10084DCA00A42282 /* Shader.vsh */,
			);
			name = Shaders;
			sourceTree = "<group>";
		};
		29B97314FDCFA39411CA2CEA /* CustomTemplate */ = {
			isa = PBXGroup;
			children = (
				080E96DDFE201D6D7F000001 /* Classes */,
				2514C27610084DB600A42282 /* Shaders */,
				29B97315FDCFA39411CA2CEA /* Other Sources */,
				29B97317FDCFA39411CA2CEA /* Resources */,
				29B97323FDCFA39411CA2CEA /* Frameworks */,
				19C28FACFE9D520D11CA2CBB /* Products */,
			);
			name = CustomTemplate;
			sourceTree = "<group>";
		};
		29B97315FDCFA39411CA2CEA /* Other Sources */ = {
			isa = PBXGroup;
			children = (
				32CA4F630368D1EE00C91783 /* DragonEye_Prefix.pch */,
				29B97316FDCFA39411CA2CEA /* main.m */,
			);
			name = "Other Sources";
			sourceTree = "<group>";
		};
		29B97317FDCFA39411CA2CEA /* Resources */ = {
			isa = PBXGroup;
			children = (
				047B19F2151E915A00DA4662 /* megamanSpSheet.png */,
				04A88BD21516BDAA001E944F /* dpad.jpg */,
				048004FC14FC749F00440480 /* cabban1.jpg */,
				048004FD14FC749F00440480 /* cabban2.jpg */,
				28EC4C5811D54ECE0027AA9F /* GameController.xib */,
				28AD733E0D9D9553002E5188 /* MainWindow.xib */,
				8D1107310486CEB800E47090 /* DragonEye-Info.plist */,
			);
			name = Resources;
			sourceTree = "<group>";
		};
		29B97323FDCFA39411CA2CEA /* Frameworks */ = {
			isa = PBXGroup;
			children = (
				28FD15070DC6FC5B0079059D /* QuartzCore.framework */,
				28FD14FF0DC6FC520079059D /* OpenGLES.framework */,
				1DF5F4DF0D08C38300B7A737 /* UIKit.framework */,
				1D30AB110D05D00D00671497 /* Foundation.framework */,
				0458D8F314F09EC800238E13 /* CoreGraphics.framework */,
			);
			name = Frameworks;
			sourceTree = "<group>";
		};
		3019F4A015257AB100B05589 /* Controllers */ = {
			isa = PBXGroup;
			children = (
				28EC4C5611D54ECE0027AA9F /* GameController.h */,
				28EC4C5711D54ECE0027AA9F /* GameController.mm */,
			);
			name = Controllers;
			sourceTree = "<group>";
		};
		30C617911521872F00959FE0 /* Interfaces */ = {
			isa = PBXGroup;
			children = (
				0480038A14F1C9B000440480 /* Program.h */,
				042A9BFA15199CFB00916A89 /* ObjectContainer.h */,
				042A9D76151C28B100916A89 /* Player.h */,
				042A9D79151C2E4100916A89 /* Sprite.h */,
				047B17E3151D8A6100DA4662 /* Prop.h */,
				04893EB714F17E7400AAB4BC /* Texture.h */,
			);
			name = Interfaces;
			path = ..;
			sourceTree = "<group>";
		};
		30C617A41521885500959FE0 /* Macros */ = {
			isa = PBXGroup;
			children = (
				30C617A51521887D00959FE0 /* macros.h */,
			);
			name = Macros;
			path = ..;
			sourceTree = "<group>";
		};
/* End PBXGroup section */

/* Begin PBXNativeTarget section */
		1D6058900D05DD3D006BFB54 /* DragonEye */ = {
			isa = PBXNativeTarget;
			buildConfigurationList = 1D6058960D05DD3E006BFB54 /* Build configuration list for PBXNativeTarget "DragonEye" */;
			buildPhases = (
				1D60588D0D05DD3D006BFB54 /* Resources */,
				1D60588E0D05DD3D006BFB54 /* Sources */,
				1D60588F0D05DD3D006BFB54 /* Frameworks */,
			);
			buildRules = (
			);
			dependencies = (
			);
			name = DragonEye;
			productName = DragonEye;
			productReference = 1D6058910D05DD3D006BFB54 /* DragonEye.app */;
			productType = "com.apple.product-type.application";
		};
/* End PBXNativeTarget section */

/* Begin PBXProject section */
		29B97313FDCFA39411CA2CEA /* Project object */ = {
			isa = PBXProject;
			buildConfigurationList = C01FCF4E08A954540054247B /* Build configuration list for PBXProject "DragonEye" */;
			compatibilityVersion = "Xcode 3.2";
			developmentRegion = English;
			hasScannedForEncodings = 1;
			knownRegions = (
				English,
				Japanese,
				French,
				German,
			);
			mainGroup = 29B97314FDCFA39411CA2CEA /* CustomTemplate */;
			projectDirPath = "";
			projectRoot = "";
			targets = (
				1D6058900D05DD3D006BFB54 /* DragonEye */,
			);
		};
/* End PBXProject section */

/* Begin PBXResourcesBuildPhase section */
		1D60588D0D05DD3D006BFB54 /* Resources */ = {
			isa = PBXResourcesBuildPhase;
			buildActionMask = 2147483647;
			files = (
				2514C27B10084DCA00A42282 /* Shader.fsh in Resources */,
				2514C27C10084DCA00A42282 /* Shader.vsh in Resources */,
				28AD733F0D9D9553002E5188 /* MainWindow.xib in Resources */,
				28EC4C5A11D54ECE0027AA9F /* GameController.xib in Resources */,
				048004FE14FC749F00440480 /* cabban1.jpg in Resources */,
				048004FF14FC749F00440480 /* cabban2.jpg in Resources */,
				04A88BD31516BDAA001E944F /* dpad.jpg in Resources */,
				047B19F3151E915A00DA4662 /* megamanSpSheet.png in Resources */,
			);
			runOnlyForDeploymentPostprocessing = 0;
		};
/* End PBXResourcesBuildPhase section */

/* Begin PBXSourcesBuildPhase section */
		1D60588E0D05DD3D006BFB54 /* Sources */ = {
			isa = PBXSourcesBuildPhase;
			buildActionMask = 2147483647;
			files = (
				1D60589B0D05DD56006BFB54 /* main.m in Sources */,
				1D3623260D0F684500981E51 /* DragonEyeAppDelegate.mm in Sources */,
				28FD14FE0DC6FC130079059D /* EAGLView.m in Sources */,
				28EC4C5911D54ECE0027AA9F /* GameController.mm in Sources */,
				04893EB914F17E7400AAB4BC /* Texture.mm in Sources */,
				0480038C14F1C9B000440480 /* Program.mm in Sources */,
				04B93986150D96200099B10B /* ShaderConstants.mm in Sources */,
				042A9BD315198A6D00916A89 /* DpadButton.mm in Sources */,
				042A9BFC15199CFB00916A89 /* ObjectContainer.mm in Sources */,
				042A9D78151C28B100916A89 /* Player.mm in Sources */,
				042A9D7B151C2E4100916A89 /* Sprite.mm in Sources */,
				047B17E5151D8A6100DA4662 /* Prop.m in Sources */,
				047B1A67151EA80100DA4662 /* SpriteSheet.m in Sources */,
			);
			runOnlyForDeploymentPostprocessing = 0;
		};
/* End PBXSourcesBuildPhase section */

/* Begin XCBuildConfiguration section */
		1D6058940D05DD3E006BFB54 /* Debug */ = {
			isa = XCBuildConfiguration;
			buildSettings = {
				ALWAYS_SEARCH_USER_PATHS = NO;
				COPY_PHASE_STRIP = NO;
				GCC_DYNAMIC_NO_PIC = NO;
				GCC_OPTIMIZATION_LEVEL = 0;
				GCC_PRECOMPILE_PREFIX_HEADER = YES;
				GCC_PREFIX_HEADER = DragonEye_Prefix.pch;
				"GCC_THUMB_SUPPORT[arch=armv6]" = "";
				INFOPLIST_FILE = "DragonEye-Info.plist";
				PRODUCT_NAME = DragonEye;
			};
			name = Debug;
		};
		1D6058950D05DD3E006BFB54 /* Release */ = {
			isa = XCBuildConfiguration;
			buildSettings = {
				ALWAYS_SEARCH_USER_PATHS = NO;
				COPY_PHASE_STRIP = YES;
				GCC_PRECOMPILE_PREFIX_HEADER = YES;
				GCC_PREFIX_HEADER = DragonEye_Prefix.pch;
				"GCC_THUMB_SUPPORT[arch=armv6]" = "";
				INFOPLIST_FILE = "DragonEye-Info.plist";
				PRODUCT_NAME = DragonEye;
				VALIDATE_PRODUCT = YES;
			};
			name = Release;
		};
		C01FCF4F08A954540054247B /* Debug */ = {
			isa = XCBuildConfiguration;
			buildSettings = {
				ARCHS = "$(ARCHS_STANDARD_32_BIT)";
				"CODE_SIGN_IDENTITY[sdk=iphoneos*]" = "iPhone Developer";
				GCC_C_LANGUAGE_STANDARD = c99;
				GCC_PREPROCESSOR_DEFINITIONS = DEBUG;
				GCC_WARN_ABOUT_RETURN_TYPE = YES;
				GCC_WARN_EFFECTIVE_CPLUSPLUS_VIOLATIONS = NO;
				GCC_WARN_UNUSED_VARIABLE = YES;
				PREBINDING = NO;
				SDKROOT = iphoneos;
			};
			name = Debug;
		};
		C01FCF5008A954540054247B /* Release */ = {
			isa = XCBuildConfiguration;
			buildSettings = {
				ARCHS = "$(ARCHS_STANDARD_32_BIT)";
				"CODE_SIGN_IDENTITY[sdk=iphoneos*]" = "iPhone Developer";
				GCC_C_LANGUAGE_STANDARD = c99;
				GCC_WARN_ABOUT_RETURN_TYPE = YES;
				GCC_WARN_UNUSED_VARIABLE = YES;
				OTHER_CFLAGS = "-DNS_BLOCK_ASSERTIONS=1";
				PREBINDING = NO;
				SDKROOT = iphoneos;
			};
			name = Release;
		};
/* End XCBuildConfiguration section */

/* Begin XCConfigurationList section */
		1D6058960D05DD3E006BFB54 /* Build configuration list for PBXNativeTarget "DragonEye" */ = {
			isa = XCConfigurationList;
			buildConfigurations = (
				1D6058940D05DD3E006BFB54 /* Debug */,
				1D6058950D05DD3E006BFB54 /* Release */,
			);
			defaultConfigurationIsVisible = 0;
			defaultConfigurationName = Release;
		};
		C01FCF4E08A954540054247B /* Build configuration list for PBXProject "DragonEye" */ = {
			isa = XCConfigurationList;
			buildConfigurations = (
				C01FCF4F08A954540054247B /* Debug */,
				C01FCF5008A954540054247B /* Release */,
			);
			defaultConfigurationIsVisible = 0;
			defaultConfigurationName = Release;
		};
/* End XCConfigurationList section */
	};
	rootObject = 29B97313FDCFA39411CA2CEA /* Project object */;
}
